// !$*UTF8*$!
{
	archiveVersion = 1;
	classes = {
	};
	objectVersion = 46;
	objects = {

/* Begin PBXBuildFile section */
		545176AA1F4496BF006523D6 /* main.m in Sources */ = {isa = PBXBuildFile; fileRef = 545176A91F4496BF006523D6 /* main.m */; };
		545176C81F44991F006523D6 /* AppDelegate.m in Sources */ = {isa = PBXBuildFile; fileRef = 545176C71F44991F006523D6 /* AppDelegate.m */; };
		545176CA1F449948006523D6 /* Info.plist in Resources */ = {isa = PBXBuildFile; fileRef = 545176C91F449948006523D6 /* Info.plist */; };
		545176CC1F44994F006523D6 /* Assets.xcassets in Resources */ = {isa = PBXBuildFile; fileRef = 545176CB1F44994F006523D6 /* Assets.xcassets */; };
		545176D51F449A76006523D6 /* CDTabBarViewController.m in Sources */ = {isa = PBXBuildFile; fileRef = 545176D41F449A76006523D6 /* CDTabBarViewController.m */; };
		545176D81F45E35F006523D6 /* CDNavigationViewController.m in Sources */ = {isa = PBXBuildFile; fileRef = 545176D71F45E35F006523D6 /* CDNavigationViewController.m */; };
		5478E8021F4865D200C344F1 /* CDMainViewController.m in Sources */ = {isa = PBXBuildFile; fileRef = 5478E8011F4865D200C344F1 /* CDMainViewController.m */; };
/* End PBXBuildFile section */

/* Begin PBXFileReference section */
		545176A51F4496BF006523D6 /* CDXiaChuFang.app */ = {isa = PBXFileReference; explicitFileType = wrapper.application; includeInIndex = 0; path = CDXiaChuFang.app; sourceTree = BUILT_PRODUCTS_DIR; };
		545176A91F4496BF006523D6 /* main.m */ = {isa = PBXFileReference; lastKnownFileType = sourcecode.c.objc; path = main.m; sourceTree = "<group>"; };
		545176C61F44991F006523D6 /* AppDelegate.h */ = {isa = PBXFileReference; fileEncoding = 4; lastKnownFileType = sourcecode.c.h; path = AppDelegate.h; sourceTree = "<group>"; };
		545176C71F44991F006523D6 /* AppDelegate.m */ = {isa = PBXFileReference; fileEncoding = 4; lastKnownFileType = sourcecode.c.objc; path = AppDelegate.m; sourceTree = "<group>"; };
		545176C91F449948006523D6 /* Info.plist */ = {isa = PBXFileReference; fileEncoding = 4; lastKnownFileType = text.plist.xml; path = Info.plist; sourceTree = "<group>"; };
		545176CB1F44994F006523D6 /* Assets.xcassets */ = {isa = PBXFileReference; lastKnownFileType = folder.assetcatalog; path = Assets.xcassets; sourceTree = "<group>"; };
		545176D31F449A76006523D6 /* CDTabBarViewController.h */ = {isa = PBXFileReference; fileEncoding = 4; lastKnownFileType = sourcecode.c.h; path = CDTabBarViewController.h; sourceTree = "<group>"; };
		545176D41F449A76006523D6 /* CDTabBarViewController.m */ = {isa = PBXFileReference; fileEncoding = 4; lastKnownFileType = sourcecode.c.objc; path = CDTabBarViewController.m; sourceTree = "<group>"; };
		545176D61F45E35F006523D6 /* CDNavigationViewController.h */ = {isa = PBXFileReference; fileEncoding = 4; lastKnownFileType = sourcecode.c.h; path = CDNavigationViewController.h; sourceTree = "<group>"; };
		545176D71F45E35F006523D6 /* CDNavigationViewController.m */ = {isa = PBXFileReference; fileEncoding = 4; lastKnownFileType = sourcecode.c.objc; path = CDNavigationViewController.m; sourceTree = "<group>"; };
		5478E8001F4865D200C344F1 /* CDMainViewController.h */ = {isa = PBXFileReference; fileEncoding = 4; lastKnownFileType = sourcecode.c.h; path = CDMainViewController.h; sourceTree = "<group>"; };
		5478E8011F4865D200C344F1 /* CDMainViewController.m */ = {isa = PBXFileReference; fileEncoding = 4; lastKnownFileType = sourcecode.c.objc; path = CDMainViewController.m; sourceTree = "<group>"; };
/* End PBXFileReference section */

/* Begin PBXFrameworksBuildPhase section */
		545176A21F4496BF006523D6 /* Frameworks */ = {
			isa = PBXFrameworksBuildPhase;
			buildActionMask = 2147483647;
			files = (
			);
			runOnlyForDeploymentPostprocessing = 0;
		};
/* End PBXFrameworksBuildPhase section */

/* Begin PBXGroup section */
		5451769C1F4496BF006523D6 = {
			isa = PBXGroup;
			children = (
				545176A71F4496BF006523D6 /* CDXiaChuFang */,
				545176A61F4496BF006523D6 /* Products */,
			);
			sourceTree = "<group>";
		};
		545176A61F4496BF006523D6 /* Products */ = {
			isa = PBXGroup;
			children = (
				545176A51F4496BF006523D6 /* CDXiaChuFang.app */,
			);
			name = Products;
			sourceTree = "<group>";
		};
		545176A71F4496BF006523D6 /* CDXiaChuFang */ = {
			isa = PBXGroup;
			children = (
				545176C01F4497EE006523D6 /* Main */,
				545176C11F44988F006523D6 /* Maket */,
				545176C41F44989E006523D6 /* Favorite */,
				545176C31F44988F006523D6 /* Message */,
				545176C21F44988F006523D6 /* Me */,
				545176C51F4498CC006523D6 /* Other */,
				545176A81F4496BF006523D6 /* Supporting Files */,
			);
			path = CDXiaChuFang;
			sourceTree = "<group>";
		};
		545176A81F4496BF006523D6 /* Supporting Files */ = {
			isa = PBXGroup;
			children = (
				545176CB1F44994F006523D6 /* Assets.xcassets */,
				545176C91F449948006523D6 /* Info.plist */,
				545176A91F4496BF006523D6 /* main.m */,
			);
			name = "Supporting Files";
			sourceTree = "<group>";
		};
		545176C01F4497EE006523D6 /* Main */ = {
			isa = PBXGroup;
			children = (
				5478E8001F4865D200C344F1 /* CDMainViewController.h */,
				5478E8011F4865D200C344F1 /* CDMainViewController.m */,
			);
			path = Main;
			sourceTree = "<group>";
		};
		545176C11F44988F006523D6 /* Maket */ = {
			isa = PBXGroup;
			children = (
			);
			path = Maket;
			sourceTree = "<group>";
		};
		545176C21F44988F006523D6 /* Me */ = {
			isa = PBXGroup;
			children = (
			);
			path = Me;
			sourceTree = "<group>";
		};
		545176C31F44988F006523D6 /* Message */ = {
			isa = PBXGroup;
			children = (
			);
			path = Message;
			sourceTree = "<group>";
		};
		545176C41F44989E006523D6 /* Favorite */ = {
			isa = PBXGroup;
			children = (
			);
			path = Favorite;
			sourceTree = "<group>";
		};
		545176C51F4498CC006523D6 /* Other */ = {
			isa = PBXGroup;
			children = (
				545176C61F44991F006523D6 /* AppDelegate.h */,
				545176C71F44991F006523D6 /* AppDelegate.m */,
				545176D31F449A76006523D6 /* CDTabBarViewController.h */,
				545176D41F449A76006523D6 /* CDTabBarViewController.m */,
				545176D61F45E35F006523D6 /* CDNavigationViewController.h */,
				545176D71F45E35F006523D6 /* CDNavigationViewController.m */,
			);
			path = Other;
			sourceTree = "<group>";
		};
/* End PBXGroup section */

/* Begin PBXNativeTarget section */
		545176A41F4496BF006523D6 /* CDXiaChuFang */ = {
			isa = PBXNativeTarget;
			buildConfigurationList = 545176BC1F4496BF006523D6 /* Build configuration list for PBXNativeTarget "CDXiaChuFang" */;
			buildPhases = (
				545176A11F4496BF006523D6 /* Sources */,
				545176A21F4496BF006523D6 /* Frameworks */,
				545176A31F4496BF006523D6 /* Resources */,
			);
			buildRules = (
			);
			dependencies = (
			);
			name = CDXiaChuFang;
			productName = CDXiaChuFang;
			productReference = 545176A51F4496BF006523D6 /* CDXiaChuFang.app */;
			productType = "com.apple.product-type.application";
		};
/* End PBXNativeTarget section */

/* Begin PBXProject section */
		5451769D1F4496BF006523D6 /* Project object */ = {
			isa = PBXProject;
			attributes = {
				CLASSPREFIX = CD;
				LastUpgradeCheck = 0830;
				ORGANIZATIONNAME = bbigcd;
				TargetAttributes = {
					545176A41F4496BF006523D6 = {
						CreatedOnToolsVersion = 8.3.3;
						DevelopmentTeam = 7E2J7CUZTM;
						ProvisioningStyle = Automatic;
					};
				};
			};
			buildConfigurationList = 545176A01F4496BF006523D6 /* Build configuration list for PBXProject "CDXiaChuFang" */;
			compatibilityVersion = "Xcode 3.2";
			developmentRegion = English;
			hasScannedForEncodings = 0;
			knownRegions = (
				en,
				Base,
			);
			mainGroup = 5451769C1F4496BF006523D6;
			productRefGroup = 545176A61F4496BF006523D6 /* Products */;
			projectDirPath = "";
			projectRoot = "";
			targets = (
				545176A41F4496BF006523D6 /* CDXiaChuFang */,
			);
		};
/* End PBXProject section */

/* Begin PBXResourcesBuildPhase section */
		545176A31F4496BF006523D6 /* Resources */ = {
			isa = PBXResourcesBuildPhase;
			buildActionMask = 2147483647;
			files = (
				545176CC1F44994F006523D6 /* Assets.xcassets in Resources */,
				545176CA1F449948006523D6 /* Info.plist in Resources */,
			);
			runOnlyForDeploymentPostprocessing = 0;
		};
/* End PBXResourcesBuildPhase section */

/* Begin PBXSourcesBuildPhase section */
		545176A11F4496BF006523D6 /* Sources */ = {
			isa = PBXSourcesBuildPhase;
			buildActionMask = 2147483647;
			files = (
				545176C81F44991F006523D6 /* AppDelegate.m in Sources */,
				5478E8021F4865D200C344F1 /* CDMainViewController.m in Sources */,
				545176D81F45E35F006523D6 /* CDNavigationViewController.m in Sources */,
				545176AA1F4496BF006523D6 /* main.m in Sources */,
				545176D51F449A76006523D6 /* CDTabBarViewController.m in Sources */,
			);
			runOnlyForDeploymentPostprocessing = 0;
		};
/* End PBXSourcesBuildPhase section */

/* Begin XCBuildConfiguration section */
		545176BA1F4496BF006523D6 /* Debug */ = {
			isa = XCBuildConfiguration;
			buildSettings = {
				ALWAYS_SEARCH_USER_PATHS = NO;
				CLANG_ANALYZER_NONNULL = YES;
				CLANG_ANALYZER_NUMBER_OBJECT_CONVERSION = YES_AGGRESSIVE;
				CLANG_CXX_LANGUAGE_STANDARD = "gnu++0x";
				CLANG_CXX_LIBRARY = "libc++";
				CLANG_ENABLE_MODULES = YES;
				CLANG_ENABLE_OBJC_ARC = YES;
				CLANG_WARN_BOOL_CONVERSION = YES;
				CLANG_WARN_CONSTANT_CONVERSION = YES;
				CLANG_WARN_DIRECT_OBJC_ISA_USAGE = YES_ERROR;
				CLANG_WARN_DOCUMENTATION_COMMENTS = YES;
				CLANG_WARN_EMPTY_BODY = YES;
				CLANG_WARN_ENUM_CONVERSION = YES;
				CLANG_WARN_INFINITE_RECURSION = YES;
				CLANG_WARN_INT_CONVERSION = YES;
				CLANG_WARN_OBJC_ROOT_CLASS = YES_ERROR;
				CLANG_WARN_SUSPICIOUS_MOVE = YES;
				CLANG_WARN_UNREACHABLE_CODE = YES;
				CLANG_WARN__DUPLICATE_METHOD_MATCH = YES;
				"CODE_SIGN_IDENTITY[sdk=iphoneos*]" = "iPhone Developer";
				COPY_PHASE_STRIP = NO;
				DEBUG_INFORMATION_FORMAT = dwarf;
				ENABLE_STRICT_OBJC_MSGSEND = YES;
				ENABLE_TESTABILITY = YES;
				GCC_C_LANGUAGE_STANDARD = gnu99;
				GCC_DYNAMIC_NO_PIC = NO;
				GCC_NO_COMMON_BLOCKS = YES;
				GCC_OPTIMIZATION_LEVEL = 0;
				GCC_PREPROCESSOR_DEFINITIONS = (
					"DEBUG=1",
					"$(inherited)",
				);
				GCC_WARN_64_TO_32_BIT_CONVERSION = YES;
				GCC_WARN_ABOUT_RETURN_TYPE = YES_ERROR;
				GCC_WARN_UNDECLARED_SELECTOR = YES;
				GCC_WARN_UNINITIALIZED_AUTOS = YES_AGGRESSIVE;
				GCC_WARN_UNUSED_FUNCTION = YES;
				GCC_WARN_UNUSED_VARIABLE = YES;
				IPHONEOS_DEPLOYMENT_TARGET = 10.3;
				MTL_ENABLE_DEBUG_INFO = YES;
				ONLY_ACTIVE_ARCH = YES;
				SDKROOT = iphoneos;
			};
			name = Debug;
		};
		545176BB1F4496BF006523D6 /* Release */ = {
			isa = XCBuildConfiguration;
			buildSettings = {
				ALWAYS_SEARCH_USER_PATHS = NO;
				CLANG_ANALYZER_NONNULL = YES;
				CLANG_ANALYZER_NUMBER_OBJECT_CONVERSION = YES_AGGRESSIVE;
				CLANG_CXX_LANGUAGE_STANDARD = "gnu++0x";
				CLANG_CXX_LIBRARY = "libc++";
				CLANG_ENABLE_MODULES = YES;
				CLANG_ENABLE_OBJC_ARC = YES;
				CLANG_WARN_BOOL_CONVERSION = YES;
				CLANG_WARN_CONSTANT_CONVERSION = YES;
				CLANG_WARN_DIRECT_OBJC_ISA_USAGE = YES_ERROR;
				CLANG_WARN_DOCUMENTATION_COMMENTS = YES;
				CLANG_WARN_EMPTY_BODY = YES;
				CLANG_WARN_ENUM_CONVERSION = YES;
				CLANG_WARN_INFINITE_RECURSION = YES;
				CLANG_WARN_INT_CONVERSION = YES;
				CLANG_WARN_OBJC_ROOT_CLASS = YES_ERROR;
				CLANG_WARN_SUSPICIOUS_MOVE = YES;
				CLANG_WARN_UNREACHABLE_CODE = YES;
				CLANG_WARN__DUPLICATE_METHOD_MATCH = YES;
				"CODE_SIGN_IDENTITY[sdk=iphoneos*]" = "iPhone Developer";
				COPY_PHASE_STRIP = NO;
				DEBUG_INFORMATION_FORMAT = "dwarf-with-dsym";
				ENABLE_NS_ASSERTIONS = NO;
				ENABLE_STRICT_OBJC_MSGSEND = YES;
				GCC_C_LANGUAGE_STANDARD = gnu99;
				GCC_NO_COMMON_BLOCKS = YES;
				GCC_WARN_64_TO_32_BIT_CONVERSION = YES;
				GCC_WARN_ABOUT_RETURN_TYPE = YES_ERROR;
				GCC_WARN_UNDECLARED_SELECTOR = YES;
				GCC_WARN_UNINITIALIZED_AUTOS = YES_AGGRESSIVE;
				GCC_WARN_UNUSED_FUNCTION = YES;
				GCC_WARN_UNUSED_VARIABLE = YES;
				IPHONEOS_DEPLOYMENT_TARGET = 10.3;
				MTL_ENABLE_DEBUG_INFO = NO;
				SDKROOT = iphoneos;
				VALIDATE_PRODUCT = YES;
			};
			name = Release;
		};
		545176BD1F4496BF006523D6 /* Debug */ = {
			isa = XCBuildConfiguration;
			buildSettings = {
				ASSETCATALOG_COMPILER_APPICON_NAME = AppIcon;
				ASSETCATALOG_COMPILER_LAUNCHIMAGE_NAME = LaunchImage;
				DEVELOPMENT_TEAM = 7E2J7CUZTM;
				INFOPLIST_FILE = CDXiaChuFang/Info.plist;
				LD_RUNPATH_SEARCH_PATHS = "$(inherited) @executable_path/Frameworks";
				PRODUCT_BUNDLE_IDENTIFIER = bbigcd.CDXiaChuFang;
				PRODUCT_NAME = "$(TARGET_NAME)";
			};
			name = Debug;
		};
		545176BE1F4496BF006523D6 /* Release */ = {
			isa = XCBuildConfiguration;
			buildSettings = {
				ASSETCATALOG_COMPILER_APPICON_NAME = AppIcon;
				ASSETCATALOG_COMPILER_LAUNCHIMAGE_NAME = LaunchImage;
				DEVELOPMENT_TEAM = 7E2J7CUZTM;
				INFOPLIST_FILE = CDXiaChuFang/Info.plist;
				LD_RUNPATH_SEARCH_PATHS = "$(inherited) @executable_path/Frameworks";
				PRODUCT_BUNDLE_IDENTIFIER = bbigcd.CDXiaChuFang;
				PRODUCT_NAME = "$(TARGET_NAME)";
			};
			name = Release;
		};
/* End XCBuildConfiguration section */

/* Begin XCConfigurationList section */
		545176A01F4496BF006523D6 /* Build configuration list for PBXProject "CDXiaChuFang" */ = {
			isa = XCConfigurationList;
			buildConfigurations = (
				545176BA1F4496BF006523D6 /* Debug */,
				545176BB1F4496BF006523D6 /* Release */,
			);
			defaultConfigurationIsVisible = 0;
			defaultConfigurationName = Release;
		};
		545176BC1F4496BF006523D6 /* Build configuration list for PBXNativeTarget "CDXiaChuFang" */ = {
			isa = XCConfigurationList;
			buildConfigurations = (
				545176BD1F4496BF006523D6 /* Debug */,
				545176BE1F4496BF006523D6 /* Release */,
			);
			defaultConfigurationIsVisible = 0;
			defaultConfigurationName = Release;
		};
/* End XCConfigurationList section */
	};
	rootObject = 5451769D1F4496BF006523D6 /* Project object */;
}
